
Microsoft Visual Studio Solution File, Format Version 12.00
# Visual Studio Version 17
VisualStudioVersion = 17.0.31903.59
MinimumVisualStudioVersion = 10.0.40219.1
Project("{2150E333-8FDC-42A3-9474-1A3956D46DE8}") = "src", "src", "{73D30271-6599-4298-8036-531BCC94D906}"
EndProject
Project("{2150E333-8FDC-42A3-9474-1A3956D46DE8}") = "InventoryService", "InventoryService", "{E68E08F3-369F-48A9-9F93-BBE880C45870}"
EndProject
Project("{FAE04EC0-301F-11D3-BF4B-00C04F79EFBC}") = "InventoryService.Core", "src\InventoryService\Core\InventoryService.Core.csproj", "{8858F305-ECBA-4973-B40E-E44D6E5AD1AE}"
EndProject
Project("{FAE04EC0-301F-11D3-BF4B-00C04F79EFBC}") = "InventoryService.Infrastructure", "src\InventoryService\Infrastructure\InventoryService.Infrastructure.csproj", "{67688123-183D-492D-AAFB-7496E9FF4229}"
EndProject
Project("{FAE04EC0-301F-11D3-BF4B-00C04F79EFBC}") = "InventoryService.API", "src\InventoryService\API\InventoryService.API.csproj", "{A4C29CD5-86DA-41CF-8C55-3FD8D12B509C}"
EndProject
Project("{2150E333-8FDC-42A3-9474-1A3956D46DE8}") = "tests", "tests", "{C85D5D7F-4E35-4C64-B8F3-64025A9EF19C}"
EndProject
Project("{FAE04EC0-301F-11D3-BF4B-00C04F79EFBC}") = "InventoryService.Tests", "tests\InventoryService.Tests\InventoryService.Tests.csproj", "{465A247E-EE0E-4352-B238-6B3BC3CBACE3}"
EndProject
Project("{2150E333-8FDC-42A3-9474-1A3956D46DE8}") = "AccountingService", "AccountingService", "{3FC8B9BE-93C5-4654-BC58-A134001CCA0D}"
EndProject
Project("{FAE04EC0-301F-11D3-BF4B-00C04F79EFBC}") = "AccountingService.Core", "src\AccountingService\Core\AccountingService.Core.csproj", "{F1167087-9F28-4990-B9A4-CD95692C43EE}"
EndProject
Project("{FAE04EC0-301F-11D3-BF4B-00C04F79EFBC}") = "AccountingService.Infrastructure", "src\AccountingService\Infrastructure\AccountingService.Infrastructure.csproj", "{42FA4AFF-1FEC-45B6-936F-26C9C3A3E257}"
EndProject
Project("{FAE04EC0-301F-11D3-BF4B-00C04F79EFBC}") = "AccountingService.API", "src\AccountingService\API\AccountingService.API.csproj", "{CDA1F63E-FB20-4491-87F3-AAE043F9462E}"
EndProject
Project("{FAE04EC0-301F-11D3-BF4B-00C04F79EFBC}") = "AccountingService.Tests", "tests\AccountingService.Tests\AccountingService.Tests.csproj", "{3F28410F-C602-4D2C-9939-6061105142F2}"
EndProject
Project("{2150E333-8FDC-42A3-9474-1A3956D46DE8}") = "ProductionService", "ProductionService", "{588470AD-C638-4814-B154-329E8121979D}"
EndProject
Project("{FAE04EC0-301F-11D3-BF4B-00C04F79EFBC}") = "ProductionService.Core", "src\ProductionService\Core\ProductionService.Core.csproj", "{932A5787-9C92-4F20-A362-3FB23720E498}"
EndProject
Project("{FAE04EC0-301F-11D3-BF4B-00C04F79EFBC}") = "ProductionService.Infrastructure", "src\ProductionService\Infrastructure\ProductionService.Infrastructure.csproj", "{7E6EC1FD-57A5-4F3C-922F-843DF026AB32}"
EndProject
Project("{FAE04EC0-301F-11D3-BF4B-00C04F79EFBC}") = "ProductionService.API", "src\ProductionService\API\ProductionService.API.csproj", "{20B81B46-088D-457B-B8EF-75B118FCEA01}"
EndProject
Project("{FAE04EC0-301F-11D3-BF4B-00C04F79EFBC}") = "ProductionService.Tests", "tests\ProductionService.Tests\ProductionService.Tests.csproj", "{B481922F-8C53-40FC-B918-9E45E952C454}"
EndProject
Project("{2150E333-8FDC-42A3-9474-1A3956D46DE8}") = "PersonnelService", "PersonnelService", "{327D2709-9F06-40E8-92C1-33BF77F879FA}"
EndProject
Project("{FAE04EC0-301F-11D3-BF4B-00C04F79EFBC}") = "PersonnelService.Core", "src\PersonnelService\Core\PersonnelService.Core.csproj", "{161AB10A-A883-4A1B-A29C-AC397F51E035}"
EndProject
Project("{FAE04EC0-301F-11D3-BF4B-00C04F79EFBC}") = "PersonnelService.Infrastructure", "src\PersonnelService\Infrastructure\PersonnelService.Infrastructure.csproj", "{4E37FC90-CF2B-479A-A1AE-46516B1B1739}"
EndProject
Project("{FAE04EC0-301F-11D3-BF4B-00C04F79EFBC}") = "PersonnelService.API", "src\PersonnelService\API\PersonnelService.API.csproj", "{F769C784-CB31-4235-B98A-7B010D786D25}"
EndProject
Project("{FAE04EC0-301F-11D3-BF4B-00C04F79EFBC}") = "PersonnelService.Tests", "tests\PersonnelService.Tests\PersonnelService.Tests.csproj", "{F134A9D3-B23C-4FD8-BE50-13EF8F18176C}"
EndProject
Project("{2150E333-8FDC-42A3-9474-1A3956D46DE8}") = "SalesDistributionService", "SalesDistributionService", "{44FEF86A-7084-4CDD-A89F-D63AF0AABB52}"
EndProject
Project("{FAE04EC0-301F-11D3-BF4B-00C04F79EFBC}") = "SalesDistributionService.Core", "src\SalesDistributionService\Core\SalesDistributionService.Core.csproj", "{B524B502-863B-4942-9991-9656B96880BA}"
EndProject
Project("{FAE04EC0-301F-11D3-BF4B-00C04F79EFBC}") = "SalesDistributionService.Infrastructure", "src\SalesDistributionService\Infrastructure\SalesDistributionService.Infrastructure.csproj", "{23AAA2E7-CEF1-407F-B900-6542EC152E15}"
EndProject
Project("{FAE04EC0-301F-11D3-BF4B-00C04F79EFBC}") = "SalesDistributionService.API", "src\SalesDistributionService\API\SalesDistributionService.API.csproj", "{9B9980D3-EA57-474D-AD14-CEEE9A90D3F4}"
EndProject
Project("{FAE04EC0-301F-11D3-BF4B-00C04F79EFBC}") = "SalesDistributionService.Tests", "tests\SalesDistributionService.Tests\SalesDistributionService.Tests.csproj", "{714217CD-E4B2-465C-B18F-442669BB90A6}"
EndProject
Project("{2150E333-8FDC-42A3-9474-1A3956D46DE8}") = "ProcurementService", "ProcurementService", "{5BA16661-5375-4FE3-A165-17E5F2C273BA}"
EndProject
Project("{FAE04EC0-301F-11D3-BF4B-00C04F79EFBC}") = "ProcurementService.Core", "src\ProcurementService\Core\ProcurementService.Core.csproj", "{36212B72-A394-40D6-A063-BD2C1A7704FB}"
EndProject
Project("{FAE04EC0-301F-11D3-BF4B-00C04F79EFBC}") = "ProcurementService.Infrastructure", "src\ProcurementService\Infrastructure\ProcurementService.Infrastructure.csproj", "{62173A48-F62F-4F5E-B25F-8AFB11EA012A}"
EndProject
Project("{FAE04EC0-301F-11D3-BF4B-00C04F79EFBC}") = "ProcurementService.API", "src\ProcurementService\API\ProcurementService.API.csproj", "{9490EDEA-911B-4572-96D6-6C87A7910F6C}"
EndProject
Project("{FAE04EC0-301F-11D3-BF4B-00C04F79EFBC}") = "ProcurementService.Tests", "tests\ProcurementService.Tests\ProcurementService.Tests.csproj", "{E1446696-0044-498F-8A77-1F0079AFB0B2}"
EndProject
Project("{2150E333-8FDC-42A3-9474-1A3956D46DE8}") = "CRMService", "CRMService", "{D78F41FB-9A12-47C5-B477-B4F81A5D9479}"
EndProject
Project("{FAE04EC0-301F-11D3-BF4B-00C04F79EFBC}") = "CRMService.Core", "src\CRMService\Core\CRMService.Core.csproj", "{0E80AD79-52A3-4506-AAA3-99259004B6CF}"
EndProject
Project("{FAE04EC0-301F-11D3-BF4B-00C04F79EFBC}") = "CRMService.Infrastructure", "src\CRMService\Infrastructure\CRMService.Infrastructure.csproj", "{180AD322-CD56-48C0-98EF-9EB6151E4F50}"
EndProject
Project("{FAE04EC0-301F-11D3-BF4B-00C04F79EFBC}") = "CRMService.API", "src\CRMService\API\CRMService.API.csproj", "{9236AFA9-89F0-4642-B1A9-F774D51763B4}"
EndProject
Project("{FAE04EC0-301F-11D3-BF4B-00C04F79EFBC}") = "CRMService.Tests", "tests\CRMService.Tests\CRMService.Tests.csproj", "{3F302610-2D18-4B2A-B33E-521B97BA8D82}"
EndProject
Project("{2150E333-8FDC-42A3-9474-1A3956D46DE8}") = "SCMService", "SCMService", "{97D5BD9E-95E1-47EF-B314-76C72FC26663}"
EndProject
Project("{FAE04EC0-301F-11D3-BF4B-00C04F79EFBC}") = "SCMService.Core", "src\SCMService\Core\SCMService.Core.csproj", "{34CF5FAB-39EF-4798-ABF3-68559B50B153}"
EndProject
Project("{FAE04EC0-301F-11D3-BF4B-00C04F79EFBC}") = "SCMService.Infrastructure", "src\SCMService\Infrastructure\SCMService.Infrastructure.csproj", "{F6113DA5-0163-4447-8765-10717AEF3950}"
EndProject
Project("{FAE04EC0-301F-11D3-BF4B-00C04F79EFBC}") = "SCMService.API", "src\SCMService\API\SCMService.API.csproj", "{20A4C31A-5E7A-4F30-8DF6-50138C4A05F5}"
EndProject
Project("{FAE04EC0-301F-11D3-BF4B-00C04F79EFBC}") = "SCMService.Tests", "tests\SCMService.Tests\SCMService.Tests.csproj", "{971727DE-54CB-4A1D-820A-B31B0D27B26C}"
EndProject
Project("{2150E333-8FDC-42A3-9474-1A3956D46DE8}") = "MaintenanceService", "MaintenanceService", "{B40CF3B3-3194-4FD3-AE0D-B58046DC1653}"
EndProject
Project("{FAE04EC0-301F-11D3-BF4B-00C04F79EFBC}") = "MaintenanceService.Core", "src\MaintenanceService\Core\MaintenanceService.Core.csproj", "{FF740DD6-BEF9-40B0-94D3-A5A0F99C58BA}"
EndProject
Project("{FAE04EC0-301F-11D3-BF4B-00C04F79EFBC}") = "MaintenanceService.Infrastructure", "src\MaintenanceService\Infrastructure\MaintenanceService.Infrastructure.csproj", "{392E465F-DD0A-4D53-AA10-1FDB96218302}"
EndProject
Project("{FAE04EC0-301F-11D3-BF4B-00C04F79EFBC}") = "MaintenanceService.API", "src\MaintenanceService\API\MaintenanceService.API.csproj", "{949692B2-61BA-4668-A657-6FC07C1F230B}"
EndProject
Project("{FAE04EC0-301F-11D3-BF4B-00C04F79EFBC}") = "MaintenanceService.Tests", "tests\MaintenanceService.Tests\MaintenanceService.Tests.csproj", "{48E3B2AF-81A9-44E0-8B94-208D9A61DE0F}"
EndProject
Project("{2150E333-8FDC-42A3-9474-1A3956D46DE8}") = "QualityService", "QualityService", "{0DAC9652-B153-422E-923C-AD9920D036B7}"
EndProject
Project("{FAE04EC0-301F-11D3-BF4B-00C04F79EFBC}") = "QualityService.Core", "src\QualityService\Core\QualityService.Core.csproj", "{9CD84D3E-C060-47FC-BFFF-D748B553A8EF}"
EndProject
Project("{FAE04EC0-301F-11D3-BF4B-00C04F79EFBC}") = "QualityService.Infrastructure", "src\QualityService\Infrastructure\QualityService.Infrastructure.csproj", "{039691F2-71A1-4F7A-9F4A-3D87AC643E1B}"
EndProject
Project("{FAE04EC0-301F-11D3-BF4B-00C04F79EFBC}") = "QualityService.API", "src\QualityService\API\QualityService.API.csproj", "{F5AFDCB4-1C53-47B7-A768-0AF99AFFF09D}"
EndProject
Project("{FAE04EC0-301F-11D3-BF4B-00C04F79EFBC}") = "QualityService.Tests", "tests\QualityService.Tests\QualityService.Tests.csproj", "{ADCF7812-F4E3-48E1-BD7B-014F95A55F73}"
EndProject
Project("{2150E333-8FDC-42A3-9474-1A3956D46DE8}") = "ProjectManagementService", "ProjectManagementService", "{62EF83C3-C6E6-4A29-97A9-1172FA07E86B}"
EndProject
Project("{FAE04EC0-301F-11D3-BF4B-00C04F79EFBC}") = "ProjectManagementService.Core", "src\ProjectManagementService\Core\ProjectManagementService.Core.csproj", "{51A6D3E1-2962-42AD-97FD-83DD83E04A87}"
EndProject
Project("{FAE04EC0-301F-11D3-BF4B-00C04F79EFBC}") = "ProjectManagementService.Infrastructure", "src\ProjectManagementService\Infrastructure\ProjectManagementService.Infrastructure.csproj", "{E9D7EB89-319D-4D29-875C-98FC21621ABD}"
EndProject
Project("{FAE04EC0-301F-11D3-BF4B-00C04F79EFBC}") = "ProjectManagementService.API", "src\ProjectManagementService\API\ProjectManagementService.API.csproj", "{CFF8E818-49EF-467C-A7BD-885B045BEAC8}"
EndProject
Project("{FAE04EC0-301F-11D3-BF4B-00C04F79EFBC}") = "ProjectManagementService.Tests", "tests\ProjectManagementService.Tests\ProjectManagementService.Tests.csproj", "{A78747C0-719B-462B-B4E2-641C219A1807}"
EndProject
Project("{2150E333-8FDC-42A3-9474-1A3956D46DE8}") = "SalesService", "SalesService", "{CE888BEB-05AA-44EE-AD01-919E795BB491}"
EndProject
Project("{FAE04EC0-301F-11D3-BF4B-00C04F79EFBC}") = "SalesService.Core", "src\SalesService\Core\SalesService.Core.csproj", "{D172B13B-77C3-42D8-A9DC-70009B45231D}"
EndProject
Project("{FAE04EC0-301F-11D3-BF4B-00C04F79EFBC}") = "SalesService.Infrastructure", "src\SalesService\Infrastructure\SalesService.Infrastructure.csproj", "{FC680753-D8A0-417C-A0CB-7B8AA531D584}"
EndProject
Project("{FAE04EC0-301F-11D3-BF4B-00C04F79EFBC}") = "SalesService.API", "src\SalesService\API\SalesService.API.csproj", "{627009F0-80AF-4B3B-B994-A044CD838058}"
EndProject
Project("{FAE04EC0-301F-11D3-BF4B-00C04F79EFBC}") = "SalesService.Tests", "tests\SalesService.Tests\SalesService.Tests.csproj", "{BE0076D6-0BED-4A21-BF8D-2074E22F26FA}"
EndProject
Project("{2150E333-8FDC-42A3-9474-1A3956D46DE8}") = "BIService", "BIService", "{F008733B-1D81-4EFA-A538-F904548B53F5}"
EndProject
Project("{FAE04EC0-301F-11D3-BF4B-00C04F79EFBC}") = "BIService.Core", "src\BIService\Core\BIService.Core.csproj", "{8BA678FB-8093-492F-A5BB-8A8C9EBB8DC9}"
EndProject
Project("{FAE04EC0-301F-11D3-BF4B-00C04F79EFBC}") = "BIService.Infrastructure", "src\BIService\Infrastructure\BIService.Infrastructure.csproj", "{91206854-4A3F-4277-AE0B-F9C6F10E49A9}"
EndProject
Project("{FAE04EC0-301F-11D3-BF4B-00C04F79EFBC}") = "BIService.API", "src\BIService\API\BIService.API.csproj", "{71E3AC16-97BB-400B-9A9A-1793A38A63F8}"
EndProject
Project("{FAE04EC0-301F-11D3-BF4B-00C04F79EFBC}") = "BIService.Tests", "tests\BIService.Tests\BIService.Tests.csproj", "{C835612F-F380-4B1F-BE08-A78D280F3101}"
EndProject
Project("{2150E333-8FDC-42A3-9474-1A3956D46DE8}") = "AssetService", "AssetService", "{4A003F04-F16E-4616-A9C4-A91F796443CF}"
EndProject
Project("{FAE04EC0-301F-11D3-BF4B-00C04F79EFBC}") = "AssetService.Core", "src\AssetService\Core\AssetService.Core.csproj", "{196091A8-6B91-454A-9BD3-1DB57F9388DF}"
EndProject
Project("{FAE04EC0-301F-11D3-BF4B-00C04F79EFBC}") = "AssetService.Infrastructure", "src\AssetService\Infrastructure\AssetService.Infrastructure.csproj", "{8925E6B4-10D5-49F0-BA01-5BC1FD45142A}"
EndProject
Project("{FAE04EC0-301F-11D3-BF4B-00C04F79EFBC}") = "AssetService.API", "src\AssetService\API\AssetService.API.csproj", "{6EE89067-163A-4DA3-92D0-3ECDEE76362D}"
EndProject
Project("{FAE04EC0-301F-11D3-BF4B-00C04F79EFBC}") = "AssetService.Tests", "tests\AssetService.Tests\AssetService.Tests.csproj", "{7EE0C5FA-4FB9-486F-9548-5B11CC0BDF78}"
EndProject
Project("{2150E333-8FDC-42A3-9474-1A3956D46DE8}") = "WMSService", "WMSService", "{666978FA-F564-4FD1-80F9-EA1847283229}"
EndProject
Project("{FAE04EC0-301F-11D3-BF4B-00C04F79EFBC}") = "WMSService.Core", "src\WMSService\Core\WMSService.Core.csproj", "{C35BDF1E-4F87-4499-85C5-47C3E6952520}"
EndProject
Project("{FAE04EC0-301F-11D3-BF4B-00C04F79EFBC}") = "WMSService.Infrastructure", "src\WMSService\Infrastructure\WMSService.Infrastructure.csproj", "{5642D2C8-FF7B-4390-A3F5-F0EF839C1FA3}"
EndProject
Project("{FAE04EC0-301F-11D3-BF4B-00C04F79EFBC}") = "WMSService.API", "src\WMSService\API\WMSService.API.csproj", "{491167F6-E8BC-4A48-AA37-2AAFF0E88F43}"
EndProject
Project("{FAE04EC0-301F-11D3-BF4B-00C04F79EFBC}") = "WMSService.Tests", "tests\WMSService.Tests\WMSService.Tests.csproj", "{11EEB08B-7B12-4DD6-9F71-85C065BB0AEE}"
EndProject
Project("{2150E333-8FDC-42A3-9474-1A3956D46DE8}") = "FinancialService", "FinancialService", "{2A06EB99-63A0-4206-80F4-C969DDEC9249}"
EndProject
Project("{FAE04EC0-301F-11D3-BF4B-00C04F79EFBC}") = "FinancialService.Core", "src\FinancialService\Core\FinancialService.Core.csproj", "{9081FCD6-1750-4B11-A47F-CEABB7919402}"
EndProject
Project("{FAE04EC0-301F-11D3-BF4B-00C04F79EFBC}") = "FinancialService.Infrastructure", "src\FinancialService\Infrastructure\FinancialService.Infrastructure.csproj", "{433E60DB-6A26-4D32-B9D7-22379F5706C9}"
EndProject
Project("{FAE04EC0-301F-11D3-BF4B-00C04F79EFBC}") = "FinancialService.API", "src\FinancialService\API\FinancialService.API.csproj", "{438A5F4C-6469-4A44-97BB-65172AB6051E}"
EndProject
Project("{FAE04EC0-301F-11D3-BF4B-00C04F79EFBC}") = "FinancialService.Tests", "tests\FinancialService.Tests\FinancialService.Tests.csproj", "{59CE4DF3-E754-45DB-90DE-457E7FCA71F2}"
EndProject
Global
	GlobalSection(SolutionConfigurationPlatforms) = preSolution
		Debug|Any CPU = Debug|Any CPU
		Release|Any CPU = Release|Any CPU
	EndGlobalSection
	GlobalSection(SolutionProperties) = preSolution
		HideSolutionNode = FALSE
	EndGlobalSection
	GlobalSection(ProjectConfigurationPlatforms) = postSolution
		{8858F305-ECBA-4973-B40E-E44D6E5AD1AE}.Debug|Any CPU.ActiveCfg = Debug|Any CPU
		{8858F305-ECBA-4973-B40E-E44D6E5AD1AE}.Debug|Any CPU.Build.0 = Debug|Any CPU
		{8858F305-ECBA-4973-B40E-E44D6E5AD1AE}.Release|Any CPU.ActiveCfg = Release|Any CPU
		{8858F305-ECBA-4973-B40E-E44D6E5AD1AE}.Release|Any CPU.Build.0 = Release|Any CPU
		{67688123-183D-492D-AAFB-7496E9FF4229}.Debug|Any CPU.ActiveCfg = Debug|Any CPU
		{67688123-183D-492D-AAFB-7496E9FF4229}.Debug|Any CPU.Build.0 = Debug|Any CPU
		{67688123-183D-492D-AAFB-7496E9FF4229}.Release|Any CPU.ActiveCfg = Release|Any CPU
		{67688123-183D-492D-AAFB-7496E9FF4229}.Release|Any CPU.Build.0 = Release|Any CPU
		{A4C29CD5-86DA-41CF-8C55-3FD8D12B509C}.Debug|Any CPU.ActiveCfg = Debug|Any CPU
		{A4C29CD5-86DA-41CF-8C55-3FD8D12B509C}.Debug|Any CPU.Build.0 = Debug|Any CPU
		{A4C29CD5-86DA-41CF-8C55-3FD8D12B509C}.Release|Any CPU.ActiveCfg = Release|Any CPU
		{A4C29CD5-86DA-41CF-8C55-3FD8D12B509C}.Release|Any CPU.Build.0 = Release|Any CPU
		{465A247E-EE0E-4352-B238-6B3BC3CBACE3}.Debug|Any CPU.ActiveCfg = Debug|Any CPU
		{465A247E-EE0E-4352-B238-6B3BC3CBACE3}.Debug|Any CPU.Build.0 = Debug|Any CPU
		{465A247E-EE0E-4352-B238-6B3BC3CBACE3}.Release|Any CPU.ActiveCfg = Release|Any CPU
		{465A247E-EE0E-4352-B238-6B3BC3CBACE3}.Release|Any CPU.Build.0 = Release|Any CPU
		{F1167087-9F28-4990-B9A4-CD95692C43EE}.Debug|Any CPU.ActiveCfg = Debug|Any CPU
		{F1167087-9F28-4990-B9A4-CD95692C43EE}.Debug|Any CPU.Build.0 = Debug|Any CPU
		{F1167087-9F28-4990-B9A4-CD95692C43EE}.Release|Any CPU.ActiveCfg = Release|Any CPU
		{F1167087-9F28-4990-B9A4-CD95692C43EE}.Release|Any CPU.Build.0 = Release|Any CPU
		{42FA4AFF-1FEC-45B6-936F-26C9C3A3E257}.Debug|Any CPU.ActiveCfg = Debug|Any CPU
		{42FA4AFF-1FEC-45B6-936F-26C9C3A3E257}.Debug|Any CPU.Build.0 = Debug|Any CPU
		{42FA4AFF-1FEC-45B6-936F-26C9C3A3E257}.Release|Any CPU.ActiveCfg = Release|Any CPU
		{42FA4AFF-1FEC-45B6-936F-26C9C3A3E257}.Release|Any CPU.Build.0 = Release|Any CPU
		{CDA1F63E-FB20-4491-87F3-AAE043F9462E}.Debug|Any CPU.ActiveCfg = Debug|Any CPU
		{CDA1F63E-FB20-4491-87F3-AAE043F9462E}.Debug|Any CPU.Build.0 = Debug|Any CPU
		{CDA1F63E-FB20-4491-87F3-AAE043F9462E}.Release|Any CPU.ActiveCfg = Release|Any CPU
		{CDA1F63E-FB20-4491-87F3-AAE043F9462E}.Release|Any CPU.Build.0 = Release|Any CPU
		{3F28410F-C602-4D2C-9939-6061105142F2}.Debug|Any CPU.ActiveCfg = Debug|Any CPU
		{3F28410F-C602-4D2C-9939-6061105142F2}.Debug|Any CPU.Build.0 = Debug|Any CPU
		{3F28410F-C602-4D2C-9939-6061105142F2}.Release|Any CPU.ActiveCfg = Release|Any CPU
		{3F28410F-C602-4D2C-9939-6061105142F2}.Release|Any CPU.Build.0 = Release|Any CPU
		{932A5787-9C92-4F20-A362-3FB23720E498}.Debug|Any CPU.ActiveCfg = Debug|Any CPU
		{932A5787-9C92-4F20-A362-3FB23720E498}.Debug|Any CPU.Build.0 = Debug|Any CPU
		{932A5787-9C92-4F20-A362-3FB23720E498}.Release|Any CPU.ActiveCfg = Release|Any CPU
		{932A5787-9C92-4F20-A362-3FB23720E498}.Release|Any CPU.Build.0 = Release|Any CPU
		{7E6EC1FD-57A5-4F3C-922F-843DF026AB32}.Debug|Any CPU.ActiveCfg = Debug|Any CPU
		{7E6EC1FD-57A5-4F3C-922F-843DF026AB32}.Debug|Any CPU.Build.0 = Debug|Any CPU
		{7E6EC1FD-57A5-4F3C-922F-843DF026AB32}.Release|Any CPU.ActiveCfg = Release|Any CPU
		{7E6EC1FD-57A5-4F3C-922F-843DF026AB32}.Release|Any CPU.Build.0 = Release|Any CPU
		{20B81B46-088D-457B-B8EF-75B118FCEA01}.Debug|Any CPU.ActiveCfg = Debug|Any CPU
		{20B81B46-088D-457B-B8EF-75B118FCEA01}.Debug|Any CPU.Build.0 = Debug|Any CPU
		{20B81B46-088D-457B-B8EF-75B118FCEA01}.Release|Any CPU.ActiveCfg = Release|Any CPU
		{20B81B46-088D-457B-B8EF-75B118FCEA01}.Release|Any CPU.Build.0 = Release|Any CPU
		{B481922F-8C53-40FC-B918-9E45E952C454}.Debug|Any CPU.ActiveCfg = Debug|Any CPU
		{B481922F-8C53-40FC-B918-9E45E952C454}.Debug|Any CPU.Build.0 = Debug|Any CPU
		{B481922F-8C53-40FC-B918-9E45E952C454}.Release|Any CPU.ActiveCfg = Release|Any CPU
		{B481922F-8C53-40FC-B918-9E45E952C454}.Release|Any CPU.Build.0 = Release|Any CPU
		{161AB10A-A883-4A1B-A29C-AC397F51E035}.Debug|Any CPU.ActiveCfg = Debug|Any CPU
		{161AB10A-A883-4A1B-A29C-AC397F51E035}.Debug|Any CPU.Build.0 = Debug|Any CPU
		{161AB10A-A883-4A1B-A29C-AC397F51E035}.Release|Any CPU.ActiveCfg = Release|Any CPU
		{161AB10A-A883-4A1B-A29C-AC397F51E035}.Release|Any CPU.Build.0 = Release|Any CPU
		{4E37FC90-CF2B-479A-A1AE-46516B1B1739}.Debug|Any CPU.ActiveCfg = Debug|Any CPU
		{4E37FC90-CF2B-479A-A1AE-46516B1B1739}.Debug|Any CPU.Build.0 = Debug|Any CPU
		{4E37FC90-CF2B-479A-A1AE-46516B1B1739}.Release|Any CPU.ActiveCfg = Release|Any CPU
		{4E37FC90-CF2B-479A-A1AE-46516B1B1739}.Release|Any CPU.Build.0 = Release|Any CPU
		{F769C784-CB31-4235-B98A-7B010D786D25}.Debug|Any CPU.ActiveCfg = Debug|Any CPU
		{F769C784-CB31-4235-B98A-7B010D786D25}.Debug|Any CPU.Build.0 = Debug|Any CPU
		{F769C784-CB31-4235-B98A-7B010D786D25}.Release|Any CPU.ActiveCfg = Release|Any CPU
		{F769C784-CB31-4235-B98A-7B010D786D25}.Release|Any CPU.Build.0 = Release|Any CPU
		{F134A9D3-B23C-4FD8-BE50-13EF8F18176C}.Debug|Any CPU.ActiveCfg = Debug|Any CPU
		{F134A9D3-B23C-4FD8-BE50-13EF8F18176C}.Debug|Any CPU.Build.0 = Debug|Any CPU
		{F134A9D3-B23C-4FD8-BE50-13EF8F18176C}.Release|Any CPU.ActiveCfg = Release|Any CPU
		{F134A9D3-B23C-4FD8-BE50-13EF8F18176C}.Release|Any CPU.Build.0 = Release|Any CPU
		{B524B502-863B-4942-9991-9656B96880BA}.Debug|Any CPU.ActiveCfg = Debug|Any CPU
		{B524B502-863B-4942-9991-9656B96880BA}.Debug|Any CPU.Build.0 = Debug|Any CPU
		{B524B502-863B-4942-9991-9656B96880BA}.Release|Any CPU.ActiveCfg = Release|Any CPU
		{B524B502-863B-4942-9991-9656B96880BA}.Release|Any CPU.Build.0 = Release|Any CPU
		{23AAA2E7-CEF1-407F-B900-6542EC152E15}.Debug|Any CPU.ActiveCfg = Debug|Any CPU
		{23AAA2E7-CEF1-407F-B900-6542EC152E15}.Debug|Any CPU.Build.0 = Debug|Any CPU
		{23AAA2E7-CEF1-407F-B900-6542EC152E15}.Release|Any CPU.ActiveCfg = Release|Any CPU
		{23AAA2E7-CEF1-407F-B900-6542EC152E15}.Release|Any CPU.Build.0 = Release|Any CPU
		{9B9980D3-EA57-474D-AD14-CEEE9A90D3F4}.Debug|Any CPU.ActiveCfg = Debug|Any CPU
		{9B9980D3-EA57-474D-AD14-CEEE9A90D3F4}.Debug|Any CPU.Build.0 = Debug|Any CPU
		{9B9980D3-EA57-474D-AD14-CEEE9A90D3F4}.Release|Any CPU.ActiveCfg = Release|Any CPU
		{9B9980D3-EA57-474D-AD14-CEEE9A90D3F4}.Release|Any CPU.Build.0 = Release|Any CPU
		{714217CD-E4B2-465C-B18F-442669BB90A6}.Debug|Any CPU.ActiveCfg = Debug|Any CPU
		{714217CD-E4B2-465C-B18F-442669BB90A6}.Debug|Any CPU.Build.0 = Debug|Any CPU
		{714217CD-E4B2-465C-B18F-442669BB90A6}.Release|Any CPU.ActiveCfg = Release|Any CPU
		{714217CD-E4B2-465C-B18F-442669BB90A6}.Release|Any CPU.Build.0 = Release|Any CPU
		{36212B72-A394-40D6-A063-BD2C1A7704FB}.Debug|Any CPU.ActiveCfg = Debug|Any CPU
		{36212B72-A394-40D6-A063-BD2C1A7704FB}.Debug|Any CPU.Build.0 = Debug|Any CPU
		{36212B72-A394-40D6-A063-BD2C1A7704FB}.Release|Any CPU.ActiveCfg = Release|Any CPU
		{36212B72-A394-40D6-A063-BD2C1A7704FB}.Release|Any CPU.Build.0 = Release|Any CPU
		{62173A48-F62F-4F5E-B25F-8AFB11EA012A}.Debug|Any CPU.ActiveCfg = Debug|Any CPU
		{62173A48-F62F-4F5E-B25F-8AFB11EA012A}.Debug|Any CPU.Build.0 = Debug|Any CPU
		{62173A48-F62F-4F5E-B25F-8AFB11EA012A}.Release|Any CPU.ActiveCfg = Release|Any CPU
		{62173A48-F62F-4F5E-B25F-8AFB11EA012A}.Release|Any CPU.Build.0 = Release|Any CPU
		{9490EDEA-911B-4572-96D6-6C87A7910F6C}.Debug|Any CPU.ActiveCfg = Debug|Any CPU
		{9490EDEA-911B-4572-96D6-6C87A7910F6C}.Debug|Any CPU.Build.0 = Debug|Any CPU
		{9490EDEA-911B-4572-96D6-6C87A7910F6C}.Release|Any CPU.ActiveCfg = Release|Any CPU
		{9490EDEA-911B-4572-96D6-6C87A7910F6C}.Release|Any CPU.Build.0 = Release|Any CPU
		{E1446696-0044-498F-8A77-1F0079AFB0B2}.Debug|Any CPU.ActiveCfg = Debug|Any CPU
		{E1446696-0044-498F-8A77-1F0079AFB0B2}.Debug|Any CPU.Build.0 = Debug|Any CPU
		{E1446696-0044-498F-8A77-1F0079AFB0B2}.Release|Any CPU.ActiveCfg = Release|Any CPU
		{E1446696-0044-498F-8A77-1F0079AFB0B2}.Release|Any CPU.Build.0 = Release|Any CPU
		{0E80AD79-52A3-4506-AAA3-99259004B6CF}.Debug|Any CPU.ActiveCfg = Debug|Any CPU
		{0E80AD79-52A3-4506-AAA3-99259004B6CF}.Debug|Any CPU.Build.0 = Debug|Any CPU
		{0E80AD79-52A3-4506-AAA3-99259004B6CF}.Release|Any CPU.ActiveCfg = Release|Any CPU
		{0E80AD79-52A3-4506-AAA3-99259004B6CF}.Release|Any CPU.Build.0 = Release|Any CPU
		{180AD322-CD56-48C0-98EF-9EB6151E4F50}.Debug|Any CPU.ActiveCfg = Debug|Any CPU
		{180AD322-CD56-48C0-98EF-9EB6151E4F50}.Debug|Any CPU.Build.0 = Debug|Any CPU
		{180AD322-CD56-48C0-98EF-9EB6151E4F50}.Release|Any CPU.ActiveCfg = Release|Any CPU
		{180AD322-CD56-48C0-98EF-9EB6151E4F50}.Release|Any CPU.Build.0 = Release|Any CPU
		{9236AFA9-89F0-4642-B1A9-F774D51763B4}.Debug|Any CPU.ActiveCfg = Debug|Any CPU
		{9236AFA9-89F0-4642-B1A9-F774D51763B4}.Debug|Any CPU.Build.0 = Debug|Any CPU
		{9236AFA9-89F0-4642-B1A9-F774D51763B4}.Release|Any CPU.ActiveCfg = Release|Any CPU
		{9236AFA9-89F0-4642-B1A9-F774D51763B4}.Release|Any CPU.Build.0 = Release|Any CPU
		{3F302610-2D18-4B2A-B33E-521B97BA8D82}.Debug|Any CPU.ActiveCfg = Debug|Any CPU
		{3F302610-2D18-4B2A-B33E-521B97BA8D82}.Debug|Any CPU.Build.0 = Debug|Any CPU
		{3F302610-2D18-4B2A-B33E-521B97BA8D82}.Release|Any CPU.ActiveCfg = Release|Any CPU
		{3F302610-2D18-4B2A-B33E-521B97BA8D82}.Release|Any CPU.Build.0 = Release|Any CPU
		{34CF5FAB-39EF-4798-ABF3-68559B50B153}.Debug|Any CPU.ActiveCfg = Debug|Any CPU
		{34CF5FAB-39EF-4798-ABF3-68559B50B153}.Debug|Any CPU.Build.0 = Debug|Any CPU
		{34CF5FAB-39EF-4798-ABF3-68559B50B153}.Release|Any CPU.ActiveCfg = Release|Any CPU
		{34CF5FAB-39EF-4798-ABF3-68559B50B153}.Release|Any CPU.Build.0 = Release|Any CPU
		{F6113DA5-0163-4447-8765-10717AEF3950}.Debug|Any CPU.ActiveCfg = Debug|Any CPU
		{F6113DA5-0163-4447-8765-10717AEF3950}.Debug|Any CPU.Build.0 = Debug|Any CPU
		{F6113DA5-0163-4447-8765-10717AEF3950}.Release|Any CPU.ActiveCfg = Release|Any CPU
		{F6113DA5-0163-4447-8765-10717AEF3950}.Release|Any CPU.Build.0 = Release|Any CPU
		{20A4C31A-5E7A-4F30-8DF6-50138C4A05F5}.Debug|Any CPU.ActiveCfg = Debug|Any CPU
		{20A4C31A-5E7A-4F30-8DF6-50138C4A05F5}.Debug|Any CPU.Build.0 = Debug|Any CPU
		{20A4C31A-5E7A-4F30-8DF6-50138C4A05F5}.Release|Any CPU.ActiveCfg = Release|Any CPU
		{20A4C31A-5E7A-4F30-8DF6-50138C4A05F5}.Release|Any CPU.Build.0 = Release|Any CPU
		{971727DE-54CB-4A1D-820A-B31B0D27B26C}.Debug|Any CPU.ActiveCfg = Debug|Any CPU
		{971727DE-54CB-4A1D-820A-B31B0D27B26C}.Debug|Any CPU.Build.0 = Debug|Any CPU
		{971727DE-54CB-4A1D-820A-B31B0D27B26C}.Release|Any CPU.ActiveCfg = Release|Any CPU
		{971727DE-54CB-4A1D-820A-B31B0D27B26C}.Release|Any CPU.Build.0 = Release|Any CPU
		{FF740DD6-BEF9-40B0-94D3-A5A0F99C58BA}.Debug|Any CPU.ActiveCfg = Debug|Any CPU
		{FF740DD6-BEF9-40B0-94D3-A5A0F99C58BA}.Debug|Any CPU.Build.0 = Debug|Any CPU
		{FF740DD6-BEF9-40B0-94D3-A5A0F99C58BA}.Release|Any CPU.ActiveCfg = Release|Any CPU
		{FF740DD6-BEF9-40B0-94D3-A5A0F99C58BA}.Release|Any CPU.Build.0 = Release|Any CPU
		{392E465F-DD0A-4D53-AA10-1FDB96218302}.Debug|Any CPU.ActiveCfg = Debug|Any CPU
		{392E465F-DD0A-4D53-AA10-1FDB96218302}.Debug|Any CPU.Build.0 = Debug|Any CPU
		{392E465F-DD0A-4D53-AA10-1FDB96218302}.Release|Any CPU.ActiveCfg = Release|Any CPU
		{392E465F-DD0A-4D53-AA10-1FDB96218302}.Release|Any CPU.Build.0 = Release|Any CPU
		{949692B2-61BA-4668-A657-6FC07C1F230B}.Debug|Any CPU.ActiveCfg = Debug|Any CPU
		{949692B2-61BA-4668-A657-6FC07C1F230B}.Debug|Any CPU.Build.0 = Debug|Any CPU
		{949692B2-61BA-4668-A657-6FC07C1F230B}.Release|Any CPU.ActiveCfg = Release|Any CPU
		{949692B2-61BA-4668-A657-6FC07C1F230B}.Release|Any CPU.Build.0 = Release|Any CPU
		{48E3B2AF-81A9-44E0-8B94-208D9A61DE0F}.Debug|Any CPU.ActiveCfg = Debug|Any CPU
		{48E3B2AF-81A9-44E0-8B94-208D9A61DE0F}.Debug|Any CPU.Build.0 = Debug|Any CPU
		{48E3B2AF-81A9-44E0-8B94-208D9A61DE0F}.Release|Any CPU.ActiveCfg = Release|Any CPU
		{48E3B2AF-81A9-44E0-8B94-208D9A61DE0F}.Release|Any CPU.Build.0 = Release|Any CPU
		{9CD84D3E-C060-47FC-BFFF-D748B553A8EF}.Debug|Any CPU.ActiveCfg = Debug|Any CPU
		{9CD84D3E-C060-47FC-BFFF-D748B553A8EF}.Debug|Any CPU.Build.0 = Debug|Any CPU
		{9CD84D3E-C060-47FC-BFFF-D748B553A8EF}.Release|Any CPU.ActiveCfg = Release|Any CPU
		{9CD84D3E-C060-47FC-BFFF-D748B553A8EF}.Release|Any CPU.Build.0 = Release|Any CPU
		{039691F2-71A1-4F7A-9F4A-3D87AC643E1B}.Debug|Any CPU.ActiveCfg = Debug|Any CPU
		{039691F2-71A1-4F7A-9F4A-3D87AC643E1B}.Debug|Any CPU.Build.0 = Debug|Any CPU
		{039691F2-71A1-4F7A-9F4A-3D87AC643E1B}.Release|Any CPU.ActiveCfg = Release|Any CPU
		{039691F2-71A1-4F7A-9F4A-3D87AC643E1B}.Release|Any CPU.Build.0 = Release|Any CPU
		{F5AFDCB4-1C53-47B7-A768-0AF99AFFF09D}.Debug|Any CPU.ActiveCfg = Debug|Any CPU
		{F5AFDCB4-1C53-47B7-A768-0AF99AFFF09D}.Debug|Any CPU.Build.0 = Debug|Any CPU
		{F5AFDCB4-1C53-47B7-A768-0AF99AFFF09D}.Release|Any CPU.ActiveCfg = Release|Any CPU
		{F5AFDCB4-1C53-47B7-A768-0AF99AFFF09D}.Release|Any CPU.Build.0 = Release|Any CPU
		{ADCF7812-F4E3-48E1-BD7B-014F95A55F73}.Debug|Any CPU.ActiveCfg = Debug|Any CPU
		{ADCF7812-F4E3-48E1-BD7B-014F95A55F73}.Debug|Any CPU.Build.0 = Debug|Any CPU
		{ADCF7812-F4E3-48E1-BD7B-014F95A55F73}.Release|Any CPU.ActiveCfg = Release|Any CPU
		{ADCF7812-F4E3-48E1-BD7B-014F95A55F73}.Release|Any CPU.Build.0 = Release|Any CPU
		{51A6D3E1-2962-42AD-97FD-83DD83E04A87}.Debug|Any CPU.ActiveCfg = Debug|Any CPU
		{51A6D3E1-2962-42AD-97FD-83DD83E04A87}.Debug|Any CPU.Build.0 = Debug|Any CPU
		{51A6D3E1-2962-42AD-97FD-83DD83E04A87}.Release|Any CPU.ActiveCfg = Release|Any CPU
		{51A6D3E1-2962-42AD-97FD-83DD83E04A87}.Release|Any CPU.Build.0 = Release|Any CPU
		{E9D7EB89-319D-4D29-875C-98FC21621ABD}.Debug|Any CPU.ActiveCfg = Debug|Any CPU
		{E9D7EB89-319D-4D29-875C-98FC21621ABD}.Debug|Any CPU.Build.0 = Debug|Any CPU
		{E9D7EB89-319D-4D29-875C-98FC21621ABD}.Release|Any CPU.ActiveCfg = Release|Any CPU
		{E9D7EB89-319D-4D29-875C-98FC21621ABD}.Release|Any CPU.Build.0 = Release|Any CPU
		{CFF8E818-49EF-467C-A7BD-885B045BEAC8}.Debug|Any CPU.ActiveCfg = Debug|Any CPU
		{CFF8E818-49EF-467C-A7BD-885B045BEAC8}.Debug|Any CPU.Build.0 = Debug|Any CPU
		{CFF8E818-49EF-467C-A7BD-885B045BEAC8}.Release|Any CPU.ActiveCfg = Release|Any CPU
		{CFF8E818-49EF-467C-A7BD-885B045BEAC8}.Release|Any CPU.Build.0 = Release|Any CPU
		{A78747C0-719B-462B-B4E2-641C219A1807}.Debug|Any CPU.ActiveCfg = Debug|Any CPU
		{A78747C0-719B-462B-B4E2-641C219A1807}.Debug|Any CPU.Build.0 = Debug|Any CPU
		{A78747C0-719B-462B-B4E2-641C219A1807}.Release|Any CPU.ActiveCfg = Release|Any CPU
		{A78747C0-719B-462B-B4E2-641C219A1807}.Release|Any CPU.Build.0 = Release|Any CPU
		{D172B13B-77C3-42D8-A9DC-70009B45231D}.Debug|Any CPU.ActiveCfg = Debug|Any CPU
		{D172B13B-77C3-42D8-A9DC-70009B45231D}.Debug|Any CPU.Build.0 = Debug|Any CPU
		{D172B13B-77C3-42D8-A9DC-70009B45231D}.Release|Any CPU.ActiveCfg = Release|Any CPU
		{D172B13B-77C3-42D8-A9DC-70009B45231D}.Release|Any CPU.Build.0 = Release|Any CPU
		{FC680753-D8A0-417C-A0CB-7B8AA531D584}.Debug|Any CPU.ActiveCfg = Debug|Any CPU
		{FC680753-D8A0-417C-A0CB-7B8AA531D584}.Debug|Any CPU.Build.0 = Debug|Any CPU
		{FC680753-D8A0-417C-A0CB-7B8AA531D584}.Release|Any CPU.ActiveCfg = Release|Any CPU
		{FC680753-D8A0-417C-A0CB-7B8AA531D584}.Release|Any CPU.Build.0 = Release|Any CPU
		{627009F0-80AF-4B3B-B994-A044CD838058}.Debug|Any CPU.ActiveCfg = Debug|Any CPU
		{627009F0-80AF-4B3B-B994-A044CD838058}.Debug|Any CPU.Build.0 = Debug|Any CPU
		{627009F0-80AF-4B3B-B994-A044CD838058}.Release|Any CPU.ActiveCfg = Release|Any CPU
		{627009F0-80AF-4B3B-B994-A044CD838058}.Release|Any CPU.Build.0 = Release|Any CPU
		{BE0076D6-0BED-4A21-BF8D-2074E22F26FA}.Debug|Any CPU.ActiveCfg = Debug|Any CPU
		{BE0076D6-0BED-4A21-BF8D-2074E22F26FA}.Debug|Any CPU.Build.0 = Debug|Any CPU
		{BE0076D6-0BED-4A21-BF8D-2074E22F26FA}.Release|Any CPU.ActiveCfg = Release|Any CPU
		{BE0076D6-0BED-4A21-BF8D-2074E22F26FA}.Release|Any CPU.Build.0 = Release|Any CPU
		{8BA678FB-8093-492F-A5BB-8A8C9EBB8DC9}.Debug|Any CPU.ActiveCfg = Debug|Any CPU
		{8BA678FB-8093-492F-A5BB-8A8C9EBB8DC9}.Debug|Any CPU.Build.0 = Debug|Any CPU
		{8BA678FB-8093-492F-A5BB-8A8C9EBB8DC9}.Release|Any CPU.ActiveCfg = Release|Any CPU
		{8BA678FB-8093-492F-A5BB-8A8C9EBB8DC9}.Release|Any CPU.Build.0 = Release|Any CPU
		{91206854-4A3F-4277-AE0B-F9C6F10E49A9}.Debug|Any CPU.ActiveCfg = Debug|Any CPU
		{91206854-4A3F-4277-AE0B-F9C6F10E49A9}.Debug|Any CPU.Build.0 = Debug|Any CPU
		{91206854-4A3F-4277-AE0B-F9C6F10E49A9}.Release|Any CPU.ActiveCfg = Release|Any CPU
		{91206854-4A3F-4277-AE0B-F9C6F10E49A9}.Release|Any CPU.Build.0 = Release|Any CPU
		{71E3AC16-97BB-400B-9A9A-1793A38A63F8}.Debug|Any CPU.ActiveCfg = Debug|Any CPU
		{71E3AC16-97BB-400B-9A9A-1793A38A63F8}.Debug|Any CPU.Build.0 = Debug|Any CPU
		{71E3AC16-97BB-400B-9A9A-1793A38A63F8}.Release|Any CPU.ActiveCfg = Release|Any CPU
		{71E3AC16-97BB-400B-9A9A-1793A38A63F8}.Release|Any CPU.Build.0 = Release|Any CPU
		{C835612F-F380-4B1F-BE08-A78D280F3101}.Debug|Any CPU.ActiveCfg = Debug|Any CPU
		{C835612F-F380-4B1F-BE08-A78D280F3101}.Debug|Any CPU.Build.0 = Debug|Any CPU
		{C835612F-F380-4B1F-BE08-A78D280F3101}.Release|Any CPU.ActiveCfg = Release|Any CPU
		{C835612F-F380-4B1F-BE08-A78D280F3101}.Release|Any CPU.Build.0 = Release|Any CPU
		{196091A8-6B91-454A-9BD3-1DB57F9388DF}.Debug|Any CPU.ActiveCfg = Debug|Any CPU
		{196091A8-6B91-454A-9BD3-1DB57F9388DF}.Debug|Any CPU.Build.0 = Debug|Any CPU
		{196091A8-6B91-454A-9BD3-1DB57F9388DF}.Release|Any CPU.ActiveCfg = Release|Any CPU
		{196091A8-6B91-454A-9BD3-1DB57F9388DF}.Release|Any CPU.Build.0 = Release|Any CPU
		{8925E6B4-10D5-49F0-BA01-5BC1FD45142A}.Debug|Any CPU.ActiveCfg = Debug|Any CPU
		{8925E6B4-10D5-49F0-BA01-5BC1FD45142A}.Debug|Any CPU.Build.0 = Debug|Any CPU
		{8925E6B4-10D5-49F0-BA01-5BC1FD45142A}.Release|Any CPU.ActiveCfg = Release|Any CPU
		{8925E6B4-10D5-49F0-BA01-5BC1FD45142A}.Release|Any CPU.Build.0 = Release|Any CPU
		{6EE89067-163A-4DA3-92D0-3ECDEE76362D}.Debug|Any CPU.ActiveCfg = Debug|Any CPU
		{6EE89067-163A-4DA3-92D0-3ECDEE76362D}.Debug|Any CPU.Build.0 = Debug|Any CPU
		{6EE89067-163A-4DA3-92D0-3ECDEE76362D}.Release|Any CPU.ActiveCfg = Release|Any CPU
		{6EE89067-163A-4DA3-92D0-3ECDEE76362D}.Release|Any CPU.Build.0 = Release|Any CPU
		{7EE0C5FA-4FB9-486F-9548-5B11CC0BDF78}.Debug|Any CPU.ActiveCfg = Debug|Any CPU
		{7EE0C5FA-4FB9-486F-9548-5B11CC0BDF78}.Debug|Any CPU.Build.0 = Debug|Any CPU
		{7EE0C5FA-4FB9-486F-9548-5B11CC0BDF78}.Release|Any CPU.ActiveCfg = Release|Any CPU
		{7EE0C5FA-4FB9-486F-9548-5B11CC0BDF78}.Release|Any CPU.Build.0 = Release|Any CPU
		{C35BDF1E-4F87-4499-85C5-47C3E6952520}.Debug|Any CPU.ActiveCfg = Debug|Any CPU
		{C35BDF1E-4F87-4499-85C5-47C3E6952520}.Debug|Any CPU.Build.0 = Debug|Any CPU
		{C35BDF1E-4F87-4499-85C5-47C3E6952520}.Release|Any CPU.ActiveCfg = Release|Any CPU
		{C35BDF1E-4F87-4499-85C5-47C3E6952520}.Release|Any CPU.Build.0 = Release|Any CPU
		{5642D2C8-FF7B-4390-A3F5-F0EF839C1FA3}.Debug|Any CPU.ActiveCfg = Debug|Any CPU
		{5642D2C8-FF7B-4390-A3F5-F0EF839C1FA3}.Debug|Any CPU.Build.0 = Debug|Any CPU
		{5642D2C8-FF7B-4390-A3F5-F0EF839C1FA3}.Release|Any CPU.ActiveCfg = Release|Any CPU
		{5642D2C8-FF7B-4390-A3F5-F0EF839C1FA3}.Release|Any CPU.Build.0 = Release|Any CPU
		{491167F6-E8BC-4A48-AA37-2AAFF0E88F43}.Debug|Any CPU.ActiveCfg = Debug|Any CPU
		{491167F6-E8BC-4A48-AA37-2AAFF0E88F43}.Debug|Any CPU.Build.0 = Debug|Any CPU
		{491167F6-E8BC-4A48-AA37-2AAFF0E88F43}.Release|Any CPU.ActiveCfg = Release|Any CPU
		{491167F6-E8BC-4A48-AA37-2AAFF0E88F43}.Release|Any CPU.Build.0 = Release|Any CPU
		{11EEB08B-7B12-4DD6-9F71-85C065BB0AEE}.Debug|Any CPU.ActiveCfg = Debug|Any CPU
		{11EEB08B-7B12-4DD6-9F71-85C065BB0AEE}.Debug|Any CPU.Build.0 = Debug|Any CPU
		{11EEB08B-7B12-4DD6-9F71-85C065BB0AEE}.Release|Any CPU.ActiveCfg = Release|Any CPU
		{11EEB08B-7B12-4DD6-9F71-85C065BB0AEE}.Release|Any CPU.Build.0 = Release|Any CPU
		{9081FCD6-1750-4B11-A47F-CEABB7919402}.Debug|Any CPU.ActiveCfg = Debug|Any CPU
		{9081FCD6-1750-4B11-A47F-CEABB7919402}.Debug|Any CPU.Build.0 = Debug|Any CPU
		{9081FCD6-1750-4B11-A47F-CEABB7919402}.Release|Any CPU.ActiveCfg = Release|Any CPU
		{9081FCD6-1750-4B11-A47F-CEABB7919402}.Release|Any CPU.Build.0 = Release|Any CPU
		{433E60DB-6A26-4D32-B9D7-22379F5706C9}.Debug|Any CPU.ActiveCfg = Debug|Any CPU
		{433E60DB-6A26-4D32-B9D7-22379F5706C9}.Debug|Any CPU.Build.0 = Debug|Any CPU
		{433E60DB-6A26-4D32-B9D7-22379F5706C9}.Release|Any CPU.ActiveCfg = Release|Any CPU
		{433E60DB-6A26-4D32-B9D7-22379F5706C9}.Release|Any CPU.Build.0 = Release|Any CPU
		{438A5F4C-6469-4A44-97BB-65172AB6051E}.Debug|Any CPU.ActiveCfg = Debug|Any CPU
		{438A5F4C-6469-4A44-97BB-65172AB6051E}.Debug|Any CPU.Build.0 = Debug|Any CPU
		{438A5F4C-6469-4A44-97BB-65172AB6051E}.Release|Any CPU.ActiveCfg = Release|Any CPU
		{438A5F4C-6469-4A44-97BB-65172AB6051E}.Release|Any CPU.Build.0 = Release|Any CPU
		{59CE4DF3-E754-45DB-90DE-457E7FCA71F2}.Debug|Any CPU.ActiveCfg = Debug|Any CPU
		{59CE4DF3-E754-45DB-90DE-457E7FCA71F2}.Debug|Any CPU.Build.0 = Debug|Any CPU
		{59CE4DF3-E754-45DB-90DE-457E7FCA71F2}.Release|Any CPU.ActiveCfg = Release|Any CPU
		{59CE4DF3-E754-45DB-90DE-457E7FCA71F2}.Release|Any CPU.Build.0 = Release|Any CPU
	EndGlobalSection
	GlobalSection(NestedProjects) = preSolution
		{E68E08F3-369F-48A9-9F93-BBE880C45870} = {73D30271-6599-4298-8036-531BCC94D906}
		{8858F305-ECBA-4973-B40E-E44D6E5AD1AE} = {E68E08F3-369F-48A9-9F93-BBE880C45870}
		{67688123-183D-492D-AAFB-7496E9FF4229} = {E68E08F3-369F-48A9-9F93-BBE880C45870}
		{A4C29CD5-86DA-41CF-8C55-3FD8D12B509C} = {E68E08F3-369F-48A9-9F93-BBE880C45870}
		{465A247E-EE0E-4352-B238-6B3BC3CBACE3} = {C85D5D7F-4E35-4C64-B8F3-64025A9EF19C}
		{3FC8B9BE-93C5-4654-BC58-A134001CCA0D} = {73D30271-6599-4298-8036-531BCC94D906}
		{F1167087-9F28-4990-B9A4-CD95692C43EE} = {3FC8B9BE-93C5-4654-BC58-A134001CCA0D}
		{42FA4AFF-1FEC-45B6-936F-26C9C3A3E257} = {3FC8B9BE-93C5-4654-BC58-A134001CCA0D}
		{CDA1F63E-FB20-4491-87F3-AAE043F9462E} = {3FC8B9BE-93C5-4654-BC58-A134001CCA0D}
		{3F28410F-C602-4D2C-9939-6061105142F2} = {C85D5D7F-4E35-4C64-B8F3-64025A9EF19C}
		{588470AD-C638-4814-B154-329E8121979D} = {73D30271-6599-4298-8036-531BCC94D906}
		{932A5787-9C92-4F20-A362-3FB23720E498} = {588470AD-C638-4814-B154-329E8121979D}
		{7E6EC1FD-57A5-4F3C-922F-843DF026AB32} = {588470AD-C638-4814-B154-329E8121979D}
		{20B81B46-088D-457B-B8EF-75B118FCEA01} = {588470AD-C638-4814-B154-329E8121979D}
		{B481922F-8C53-40FC-B918-9E45E952C454} = {C85D5D7F-4E35-4C64-B8F3-64025A9EF19C}
		{327D2709-9F06-40E8-92C1-33BF77F879FA} = {73D30271-6599-4298-8036-531BCC94D906}
		{161AB10A-A883-4A1B-A29C-AC397F51E035} = {327D2709-9F06-40E8-92C1-33BF77F879FA}
		{4E37FC90-CF2B-479A-A1AE-46516B1B1739} = {327D2709-9F06-40E8-92C1-33BF77F879FA}
		{F769C784-CB31-4235-B98A-7B010D786D25} = {327D2709-9F06-40E8-92C1-33BF77F879FA}
		{F134A9D3-B23C-4FD8-BE50-13EF8F18176C} = {C85D5D7F-4E35-4C64-B8F3-64025A9EF19C}
		{44FEF86A-7084-4CDD-A89F-D63AF0AABB52} = {73D30271-6599-4298-8036-531BCC94D906}
		{B524B502-863B-4942-9991-9656B96880BA} = {44FEF86A-7084-4CDD-A89F-D63AF0AABB52}
		{23AAA2E7-CEF1-407F-B900-6542EC152E15} = {44FEF86A-7084-4CDD-A89F-D63AF0AABB52}
		{9B9980D3-EA57-474D-AD14-CEEE9A90D3F4} = {44FEF86A-7084-4CDD-A89F-D63AF0AABB52}
		{714217CD-E4B2-465C-B18F-442669BB90A6} = {C85D5D7F-4E35-4C64-B8F3-64025A9EF19C}
		{5BA16661-5375-4FE3-A165-17E5F2C273BA} = {73D30271-6599-4298-8036-531BCC94D906}
		{36212B72-A394-40D6-A063-BD2C1A7704FB} = {5BA16661-5375-4FE3-A165-17E5F2C273BA}
		{62173A48-F62F-4F5E-B25F-8AFB11EA012A} = {5BA16661-5375-4FE3-A165-17E5F2C273BA}
		{9490EDEA-911B-4572-96D6-6C87A7910F6C} = {5BA16661-5375-4FE3-A165-17E5F2C273BA}
		{E1446696-0044-498F-8A77-1F0079AFB0B2} = {C85D5D7F-4E35-4C64-B8F3-64025A9EF19C}
		{D78F41FB-9A12-47C5-B477-B4F81A5D9479} = {73D30271-6599-4298-8036-531BCC94D906}
		{0E80AD79-52A3-4506-AAA3-99259004B6CF} = {D78F41FB-9A12-47C5-B477-B4F81A5D9479}
		{180AD322-CD56-48C0-98EF-9EB6151E4F50} = {D78F41FB-9A12-47C5-B477-B4F81A5D9479}
		{9236AFA9-89F0-4642-B1A9-F774D51763B4} = {D78F41FB-9A12-47C5-B477-B4F81A5D9479}
		{3F302610-2D18-4B2A-B33E-521B97BA8D82} = {C85D5D7F-4E35-4C64-B8F3-64025A9EF19C}
		{97D5BD9E-95E1-47EF-B314-76C72FC26663} = {73D30271-6599-4298-8036-531BCC94D906}
		{34CF5FAB-39EF-4798-ABF3-68559B50B153} = {97D5BD9E-95E1-47EF-B314-76C72FC26663}
		{F6113DA5-0163-4447-8765-10717AEF3950} = {97D5BD9E-95E1-47EF-B314-76C72FC26663}
		{20A4C31A-5E7A-4F30-8DF6-50138C4A05F5} = {97D5BD9E-95E1-47EF-B314-76C72FC26663}
		{971727DE-54CB-4A1D-820A-B31B0D27B26C} = {C85D5D7F-4E35-4C64-B8F3-64025A9EF19C}
		{B40CF3B3-3194-4FD3-AE0D-B58046DC1653} = {73D30271-6599-4298-8036-531BCC94D906}
		{FF740DD6-BEF9-40B0-94D3-A5A0F99C58BA} = {B40CF3B3-3194-4FD3-AE0D-B58046DC1653}
		{392E465F-DD0A-4D53-AA10-1FDB96218302} = {B40CF3B3-3194-4FD3-AE0D-B58046DC1653}
		{949692B2-61BA-4668-A657-6FC07C1F230B} = {B40CF3B3-3194-4FD3-AE0D-B58046DC1653}
		{48E3B2AF-81A9-44E0-8B94-208D9A61DE0F} = {C85D5D7F-4E35-4C64-B8F3-64025A9EF19C}
		{0DAC9652-B153-422E-923C-AD9920D036B7} = {73D30271-6599-4298-8036-531BCC94D906}
		{9CD84D3E-C060-47FC-BFFF-D748B553A8EF} = {0DAC9652-B153-422E-923C-AD9920D036B7}
		{039691F2-71A1-4F7A-9F4A-3D87AC643E1B} = {0DAC9652-B153-422E-923C-AD9920D036B7}
		{F5AFDCB4-1C53-47B7-A768-0AF99AFFF09D} = {0DAC9652-B153-422E-923C-AD9920D036B7}
		{ADCF7812-F4E3-48E1-BD7B-014F95A55F73} = {C85D5D7F-4E35-4C64-B8F3-64025A9EF19C}
		{62EF83C3-C6E6-4A29-97A9-1172FA07E86B} = {73D30271-6599-4298-8036-531BCC94D906}
		{51A6D3E1-2962-42AD-97FD-83DD83E04A87} = {62EF83C3-C6E6-4A29-97A9-1172FA07E86B}
		{E9D7EB89-319D-4D29-875C-98FC21621ABD} = {62EF83C3-C6E6-4A29-97A9-1172FA07E86B}
		{CFF8E818-49EF-467C-A7BD-885B045BEAC8} = {62EF83C3-C6E6-4A29-97A9-1172FA07E86B}
		{A78747C0-719B-462B-B4E2-641C219A1807} = {C85D5D7F-4E35-4C64-B8F3-64025A9EF19C}
		{CE888BEB-05AA-44EE-AD01-919E795BB491} = {73D30271-6599-4298-8036-531BCC94D906}
		{D172B13B-77C3-42D8-A9DC-70009B45231D} = {CE888BEB-05AA-44EE-AD01-919E795BB491}
		{FC680753-D8A0-417C-A0CB-7B8AA531D584} = {CE888BEB-05AA-44EE-AD01-919E795BB491}
		{627009F0-80AF-4B3B-B994-A044CD838058} = {CE888BEB-05AA-44EE-AD01-919E795BB491}
		{BE0076D6-0BED-4A21-BF8D-2074E22F26FA} = {C85D5D7F-4E35-4C64-B8F3-64025A9EF19C}
		{F008733B-1D81-4EFA-A538-F904548B53F5} = {73D30271-6599-4298-8036-531BCC94D906}
		{8BA678FB-8093-492F-A5BB-8A8C9EBB8DC9} = {F008733B-1D81-4EFA-A538-F904548B53F5}
		{91206854-4A3F-4277-AE0B-F9C6F10E49A9} = {F008733B-1D81-4EFA-A538-F904548B53F5}
		{71E3AC16-97BB-400B-9A9A-1793A38A63F8} = {F008733B-1D81-4EFA-A538-F904548B53F5}
		{C835612F-F380-4B1F-BE08-A78D280F3101} = {C85D5D7F-4E35-4C64-B8F3-64025A9EF19C}
		{4A003F04-F16E-4616-A9C4-A91F796443CF} = {73D30271-6599-4298-8036-531BCC94D906}
		{196091A8-6B91-454A-9BD3-1DB57F9388DF} = {4A003F04-F16E-4616-A9C4-A91F796443CF}
		{8925E6B4-10D5-49F0-BA01-5BC1FD45142A} = {4A003F04-F16E-4616-A9C4-A91F796443CF}
		{6EE89067-163A-4DA3-92D0-3ECDEE76362D} = {4A003F04-F16E-4616-A9C4-A91F796443CF}
		{7EE0C5FA-4FB9-486F-9548-5B11CC0BDF78} = {C85D5D7F-4E35-4C64-B8F3-64025A9EF19C}
		{666978FA-F564-4FD1-80F9-EA1847283229} = {73D30271-6599-4298-8036-531BCC94D906}
		{C35BDF1E-4F87-4499-85C5-47C3E6952520} = {666978FA-F564-4FD1-80F9-EA1847283229}
		{5642D2C8-FF7B-4390-A3F5-F0EF839C1FA3} = {666978FA-F564-4FD1-80F9-EA1847283229}
		{491167F6-E8BC-4A48-AA37-2AAFF0E88F43} = {666978FA-F564-4FD1-80F9-EA1847283229}
		{11EEB08B-7B12-4DD6-9F71-85C065BB0AEE} = {C85D5D7F-4E35-4C64-B8F3-64025A9EF19C}
		{2A06EB99-63A0-4206-80F4-C969DDEC9249} = {73D30271-6599-4298-8036-531BCC94D906}
		{9081FCD6-1750-4B11-A47F-CEABB7919402} = {2A06EB99-63A0-4206-80F4-C969DDEC9249}
		{433E60DB-6A26-4D32-B9D7-22379F5706C9} = {2A06EB99-63A0-4206-80F4-C969DDEC9249}
		{438A5F4C-6469-4A44-97BB-65172AB6051E} = {2A06EB99-63A0-4206-80F4-C969DDEC9249}
		{59CE4DF3-E754-45DB-90DE-457E7FCA71F2} = {C85D5D7F-4E35-4C64-B8F3-64025A9EF19C}
	EndGlobalSection
EndGlobal
